<?xml version="1.0" encoding="UTF-8" standalone="yes" ?>
<CodeBlocks_project_file>
	<FileVersion major="1" minor="6" />
	<Project>
		<Option title="OpenglAssignment3" />
		<Option pch_mode="2" />
		<Option compiler="gcc" />
		<Build>
			<Target title="Debug">
				<Option output="bin/Debug/OpenglAssignment3" prefix_auto="1" extension_auto="1" />
				<Option object_output="obj/Debug/" />
				<Option type="1" />
				<Option compiler="gcc" />
				<Compiler>
					<Add option="-g" />
				</Compiler>
			</Target>
			<Target title="Release">
				<Option output="bin/Release/OpenglAssignment3" prefix_auto="1" extension_auto="1" />
				<Option object_output="obj/Release/" />
				<Option type="1" />
				<Option compiler="gcc" />
				<Compiler>
					<Add option="-O2" />
				</Compiler>
				<Linker>
					<Add option="-s" />
				</Linker>
			</Target>
		</Build>
		<Compiler>
			<Add option="-Wall" />
			<Add option="-fexceptions" />
		</Compiler>
		<Unit filename="Makefile" />
		<Unit filename="README" />
		<Unit filename="W.out" />
		<Unit filename="animation.cpp" />
		<Unit filename="animation.h" />
		<Unit filename="attachGenerator" />
		<Unit filename="attachGenerator.cpp" />
		<Unit filename="attachment.cpp" />
		<Unit filename="attachment.h" />
		<Unit filename="attachmentViewer" />
		<Unit filename="attachmentViewer.cpp" />
		<Unit filename="bvh_util.cpp" />
		<Unit filename="bvh_util.h" />
		<Unit filename="camera.h" />
		<Unit filename="light.h" />
		<Unit filename="mesh.cpp" />
		<Unit filename="mesh.h" />
		<Unit filename="modelSolidViewer.cpp" />
		<Unit filename="modelViewer" />
		<Unit filename="modelViewer.cpp" />
		<Unit filename="motion.cpp" />
		<Unit filename="motion.h" />
		<Unit filename="motionViewer" />
		<Unit filename="motionViewer.cpp" />
		<Unit filename="personViewer.cpp" />
		<Unit filename="skeleton.cpp" />
		<Unit filename="skeleton.h" />
		<Unit filename="texture.cpp" />
		<Unit filename="texture.h" />
		<Unit filename="timer.h" />
		<Extensions>
			<code_completion />
			<debugger />
		</Extensions>
	</Project>
</CodeBlocks_project_file>
